
Microsoft Visual Studio Solution File, Format Version 12.00
# Visual Studio Version 17
VisualStudioVersion = 17.5.33530.505
MinimumVisualStudioVersion = 10.0.40219.1
Project("{FAE04EC0-301F-11D3-BF4B-00C04F79EFBC}") = "Internship_App2", "Internship_App2.csproj", "{C37E7B7E-0BA4-4223-B032-65BF61AD2A10}"
EndProject
Global
	GlobalSection(SolutionConfigurationPlatforms) = preSolution
		Debug|Any CPU = Debug|Any CPU
		Release|Any CPU = Release|Any CPU
	EndGlobalSection
	GlobalSection(ProjectConfigurationPlatforms) = postSolution
		{C37E7B7E-0BA4-4223-B032-65BF61AD2A10}.Debug|Any CPU.ActiveCfg = Debug|Any CPU
		{C37E7B7E-0BA4-4223-B032-65BF61AD2A10}.Debug|Any CPU.Build.0 = Debug|Any CPU
		{C37E7B7E-0BA4-4223-B032-65BF61AD2A10}.Release|Any CPU.ActiveCfg = Release|Any CPU
		{C37E7B7E-0BA4-4223-B032-65BF61AD2A10}.Release|Any CPU.Build.0 = Release|Any CPU
	EndGlobalSection
	GlobalSection(SolutionProperties) = preSolution
		HideSolutionNode = FALSE
	EndGlobalSection
	GlobalSection(ExtensibilityGlobals) = postSolution
		SolutionGuid = {5A5AD739-932A-4976-AA29-82D0AD43A6F2}
	EndGlobalSection
EndGlobal
